// !$*UTF8*$!
{
  archiveVersion = 1;
  classes = { };
  objectVersion = 54;
  objects = {
    97C146E61CF9000F007C117D = {isa = PBXProject; attributes = {BuildIndependentTargetsInParallel = YES; LastUpgradeCheck = 1510;}; buildConfigurationList = 97C146E91CF9000F007C117D; compatibilityVersion = "Xcode 9.3"; developmentRegion = en; knownRegions = (en, Base); mainGroup = 97C146E51CF9000F007C117D; productRefGroup = 97C146EF1CF9000F007C117D; projectDirPath = ""; projectRoot = ""; targets = (97C146ED1CF9000F007C117D,);};
    97C146ED1CF9000F007C117D = {isa = PBXNativeTarget; buildConfigurationList = 97C147051CF9000F007C117D; buildPhases = (9740EEB61CF901F6004384FC, 97C146EA1CF9000F007C117D, 97C146EB1CF9000F007C117D, 97C146EC1CF9000F007C117D, 3B06AD1E1E4923F5004D2608); buildRules = (); dependencies = (); name = Runner; productName = Runner; productReference = 97C146EE1CF9000F007C117D; productType = "com.apple.product-type.application";};
    97C146E51CF9000F007C117D = {isa = PBXGroup; children = (9740EEB11CF90186004384FC, 97C146F01CF9000F007C117D, 97C146EF1CF9000F007C117D); sourceTree = "<group>";};
    9740EEB11CF90186004384FC = {isa = PBXGroup; children = (3B3967151E8E89220040F4C2, 9740EEB21CF90195004384FC, 7AFA3C8E1CF9000F007C117D); name = Flutter; sourceTree = "<group>";};
    97C146F01CF9000F007C117D = {isa = PBXGroup; children = (74858FAE1ED2DC5600515810, 7884E8672EC3CC0400C636F2, 1498D2321E8E86230040F4C2, 1498D2331E8E89220040F4C2, 97C147021CF9000F007C117D); path = Runner; sourceTree = "<group>";};
    97C146EF1CF9000F007C117D = {isa = PBXGroup; children = (97C146EE1CF9000F007C117D); name = Products; sourceTree = "<group>";};
    97C146EE1CF9000F007C117D = {isa = PBXFileReference; explicitFileType = wrapper.application; includeInIndex = 0; path = Runner.app; sourceTree = BUILT_PRODUCTS_DIR;};
    3B3967151E8E89220040F4C2 = {isa = PBXFileReference; lastKnownFileType = text.plist.xml; name = AppFrameworkInfo.plist; path = Flutter/AppFrameworkInfo.plist; sourceTree = "<group>";};
    9740EEB21CF90195004384FC = {isa = PBXFileReference; lastKnownFileType = text.xcconfig; name = Debug.xcconfig; path = Flutter/Debug.xcconfig; sourceTree = "<group>";};
    7AFA3C8E1CF9000F007C117D = {isa = PBXFileReference; lastKnownFileType = text.xcconfig; name = Release.xcconfig; path = Flutter/Release.xcconfig; sourceTree = "<group>";};
    74858FAE1ED2DC5600515810 = {isa = PBXFileReference; lastKnownFileType = sourcecode.swift; path = AppDelegate.swift; sourceTree = "<group>";};
    7884E8672EC3CC0400C636F2 = {isa = PBXFileReference; lastKnownFileType = sourcecode.swift; path = SceneDelegate.swift; sourceTree = "<group>";};
    1498D2321E8E86230040F4C2 = {isa = PBXFileReference; lastKnownFileType = sourcecode.c.h; path = GeneratedPluginRegistrant.h; sourceTree = "<group>";};
    1498D2331E8E89220040F4C2 = {isa = PBXFileReference; lastKnownFileType = sourcecode.c.objc; path = GeneratedPluginRegistrant.m; sourceTree = "<group>";};
    97C147021CF9000F007C117D = {isa = PBXFileReference; lastKnownFileType = text.plist.xml; path = Info.plist; sourceTree = "<group>";};
    74858FAF1ED2DC5600515810 = {isa = PBXBuildFile; fileRef = 74858FAE1ED2DC5600515810;};
    7884E8682EC3CC0400C636F2 = {isa = PBXBuildFile; fileRef = 7884E8672EC3CC0400C636F2;};
    1498D2341E8E89220040F4C2 = {isa = PBXBuildFile; fileRef = 1498D2331E8E89220040F4C2;};
    3B3967161E8E89220040F4C2 = {isa = PBXBuildFile; fileRef = 3B3967151E8E89220040F4C2;};
    97C146EA1CF9000F007C117D = {isa = PBXSourcesBuildPhase; buildActionMask = 2147483647; files = (74858FAF1ED2DC5600515810, 7884E8682EC3CC0400C636F2, 1498D2341E8E89220040F4C2); runOnlyForDeploymentPostprocessing = 0;};
    97C146EB1CF9000F007C117D = {isa = PBXFrameworksBuildPhase; buildActionMask = 2147483647; files = (); runOnlyForDeploymentPostprocessing = 0;};
    97C146EC1CF9000F007C117D = {isa = PBXResourcesBuildPhase; buildActionMask = 2147483647; files = (3B3967161E8E89220040F4C2); runOnlyForDeploymentPostprocessing = 0;};
    9740EEB61CF901F6004384FC = {isa = PBXShellScriptBuildPhase; alwaysOutOfDate = 1; buildActionMask = 2147483647; files = (); inputPaths = (); name = "Run Script"; outputPaths = (); runOnlyForDeploymentPostprocessing = 0; shellPath = /bin/sh; shellScript = "/bin/sh '$FLUTTER_ROOT/packages/flutter_tools/bin/xcode_backend.sh' build";};
    3B06AD1E1E4923F5004D2608 = {isa = PBXShellScriptBuildPhase; alwaysOutOfDate = 1; buildActionMask = 2147483647; files = (); inputPaths = ("$TARGET_BUILD_DIR/$INFOPLIST_PATH"); name = "Thin Binary"; outputPaths = (); runOnlyForDeploymentPostprocessing = 0; shellPath = /bin/sh; shellScript = "/bin/sh '$FLUTTER_ROOT/packages/flutter_tools/bin/xcode_backend.sh' embed_and_thin";};
    97C146E91CF9000F007C117D = {isa = XCConfigurationList; buildConfigurations = (249021D3217E4FDB00AE95B9, 249021D4217E4FDB00AE95B9); defaultConfigurationIsVisible = 0; defaultConfigurationName = Release;};
    97C147051CF9000F007C117D = {isa = XCConfigurationList; buildConfigurations = (97C147061CF9000F007C117D, 97C147071CF9000F007C117D); defaultConfigurationIsVisible = 0; defaultConfigurationName = Release;};
    249021D3217E4FDB00AE95B9 = {isa = XCBuildConfiguration; baseConfigurationReference = 9740EEB21CF90195004384FC; buildSettings = {IPHONEOS_DEPLOYMENT_TARGET = 15.0; PRODUCT_BUNDLE_IDENTIFIER = "com.example.my_app"; PRODUCT_NAME = "$(TARGET_NAME)"; SWIFT_VERSION = 5.0; TARGETED_DEVICE_FAMILY = "1,2";}; name = Debug;};
    249021D4217E4FDB00AE95B9 = {isa = XCBuildConfiguration; baseConfigurationReference = 7AFA3C8E1CF9000F007C117D; buildSettings = {IPHONEOS_DEPLOYMENT_TARGET = 15.0; PRODUCT_BUNDLE_IDENTIFIER = "com.example.my_app"; PRODUCT_NAME = "$(TARGET_NAME)"; SWIFT_VERSION = 5.0; TARGETED_DEVICE_FAMILY = "1,2";}; name = Release;};
    97C147061CF9000F007C117D = {isa = XCBuildConfiguration; baseConfigurationReference = 9740EEB21CF90195004384FC; buildSettings = {INFOPLIST_FILE = Runner/Info.plist; IPHONEOS_DEPLOYMENT_TARGET = 15.0; PRODUCT_BUNDLE_IDENTIFIER = "com.example.my_app"; PRODUCT_NAME = "$(TARGET_NAME)"; SWIFT_OBJC_BRIDGING_HEADER = "Runner/Runner-Bridging-Header.h"; SWIFT_VERSION = 5.0; TARGETED_DEVICE_FAMILY = "1,2";}; name = Debug;};
    97C147071CF9000F007C117D = {isa = XCBuildConfiguration; baseConfigurationReference = 7AFA3C8E1CF9000F007C117D; buildSettings = {INFOPLIST_FILE = Runner/Info.plist; IPHONEOS_DEPLOYMENT_TARGET = 15.0; PRODUCT_BUNDLE_IDENTIFIER = "com.example.my_app"; PRODUCT_NAME = "$(TARGET_NAME)"; SWIFT_OBJC_BRIDGING_HEADER = "Runner/Runner-Bridging-Header.h"; SWIFT_VERSION = 5.0; TARGETED_DEVICE_FAMILY = "1,2";}; name = Release;};
  };
  rootObject = 97C146E61CF9000F007C117D;
}
